
Microsoft Visual Studio Solution File, Format Version 12.00
# Visual Studio Version 17
VisualStudioVersion = 17.5.33502.453
MinimumVisualStudioVersion = 10.0.40219.1
Project("{8BC9CEB8-8B4A-11D0-8D11-00A0C91BC942}") = "LinearSearch_169", "LinearSearch_169\LinearSearch_169.vcxproj", "{FA336727-4F77-4F67-AD3A-E86FD65A0DD5}"
EndProject
Global
	GlobalSection(SolutionConfigurationPlatforms) = preSolution
		Debug|x64 = Debug|x64
		Debug|x86 = Debug|x86
		Release|x64 = Release|x64
		Release|x86 = Release|x86
	EndGlobalSection
	GlobalSection(ProjectConfigurationPlatforms) = postSolution
		{FA336727-4F77-4F67-AD3A-E86FD65A0DD5}.Debug|x64.ActiveCfg = Debug|x64
		{FA336727-4F77-4F67-AD3A-E86FD65A0DD5}.Debug|x64.Build.0 = Debug|x64
		{FA336727-4F77-4F67-AD3A-E86FD65A0DD5}.Debug|x86.ActiveCfg = Debug|Win32
		{FA336727-4F77-4F67-AD3A-E86FD65A0DD5}.Debug|x86.Build.0 = Debug|Win32
		{FA336727-4F77-4F67-AD3A-E86FD65A0DD5}.Release|x64.ActiveCfg = Release|x64
		{FA336727-4F77-4F67-AD3A-E86FD65A0DD5}.Release|x64.Build.0 = Release|x64
		{FA336727-4F77-4F67-AD3A-E86FD65A0DD5}.Release|x86.ActiveCfg = Release|Win32
		{FA336727-4F77-4F67-AD3A-E86FD65A0DD5}.Release|x86.Build.0 = Release|Win32
	EndGlobalSection
	GlobalSection(SolutionProperties) = preSolution
		HideSolutionNode = FALSE
	EndGlobalSection
	GlobalSection(ExtensibilityGlobals) = postSolution
		SolutionGuid = {662CE708-F7DD-483B-81F2-3D955706C63A}
	EndGlobalSection
EndGlobal
